// !$*UTF8*$!
{
	archiveVersion = 1;
	classes = {
	};
	objectVersion = 55;
	objects = {

/* Begin PBXBuildFile section */
		0739DA2E2BB2E9D600964E96 /* Physics.h in Headers */ = {isa = PBXBuildFile; fileRef = 0739DA102BB2E9D400964E96 /* Physics.h */; };
		0739DA2F2BB2E9D600964E96 /* Histogram.h in Headers */ = {isa = PBXBuildFile; fileRef = 0739DA112BB2E9D500964E96 /* Histogram.h */; };
		0739DA302BB2E9D600964E96 /* Rand.h in Headers */ = {isa = PBXBuildFile; fileRef = 0739DA132BB2E9D500964E96 /* Rand.h */; };
		0739DA312BB2E9D600964E96 /* MarkovChain.h in Headers */ = {isa = PBXBuildFile; fileRef = 0739DA142BB2E9D500964E96 /* MarkovChain.h */; };
		0739DA322BB2E9D600964E96 /* mnist_reader_common.h in Headers */ = {isa = PBXBuildFile; fileRef = 0739DA152BB2E9D500964E96 /* mnist_reader_common.h */; };
		0739DA332BB2E9D600964E96 /* mnist_reader.h in Headers */ = {isa = PBXBuildFile; fileRef = 0739DA162BB2E9D500964E96 /* mnist_reader.h */; };
		0739DA342BB2E9D600964E96 /* mnist_utils.h in Headers */ = {isa = PBXBuildFile; fileRef = 0739DA172BB2E9D500964E96 /* mnist_utils.h */; };
		0739DA352BB2E9D600964E96 /* MNIST_Loader.h in Headers */ = {isa = PBXBuildFile; fileRef = 0739DA192BB2E9D500964E96 /* MNIST_Loader.h */; };
		0739DA362BB2E9D600964E96 /* ann_cnn.h in Headers */ = {isa = PBXBuildFile; fileRef = 0739DA1B2BB2E9D500964E96 /* ann_cnn.h */; };
		0739DA372BB2E9D600964E96 /* ann_dense.h in Headers */ = {isa = PBXBuildFile; fileRef = 0739DA1C2BB2E9D500964E96 /* ann_dense.h */; };
		0739DA382BB2E9D600964E96 /* ann_utils.h in Headers */ = {isa = PBXBuildFile; fileRef = 0739DA1D2BB2E9D500964E96 /* ann_utils.h */; };
		0739DA392BB2E9D600964E96 /* LeNet.h in Headers */ = {isa = PBXBuildFile; fileRef = 0739DA1E2BB2E9D500964E96 /* LeNet.h */; };
		0739DA3A2BB2E9D600964E96 /* TextBox.h in Headers */ = {isa = PBXBuildFile; fileRef = 0739DA202BB2E9D500964E96 /* TextBox.h */; };
		0739DA3B2BB2E9D600964E96 /* FlankDetector.h in Headers */ = {isa = PBXBuildFile; fileRef = 0739DA212BB2E9D500964E96 /* FlankDetector.h */; };
		0739DA3C2BB2E9D600964E96 /* Math.h in Headers */ = {isa = PBXBuildFile; fileRef = 0739DA222BB2E9D500964E96 /* Math.h */; };
		0739DA3D2BB2E9D600964E96 /* Uuid.h in Headers */ = {isa = PBXBuildFile; fileRef = 0739DA232BB2E9D500964E96 /* Uuid.h */; };
		0739DA3E2BB2E9D600964E96 /* OneShot.h in Headers */ = {isa = PBXBuildFile; fileRef = 0739DA242BB2E9D500964E96 /* OneShot.h */; };
		0739DA3F2BB2E9D600964E96 /* StlUtils.h in Headers */ = {isa = PBXBuildFile; fileRef = 0739DA262BB2E9D500964E96 /* StlUtils.h */; };
		0739DA402BB2E9D600964E96 /* DateTime.h in Headers */ = {isa = PBXBuildFile; fileRef = 0739DA272BB2E9D500964E96 /* DateTime.h */; };
		0739DA412BB2E9D600964E96 /* Delay.h in Headers */ = {isa = PBXBuildFile; fileRef = 0739DA282BB2E9D500964E96 /* Delay.h */; };
		0739DA422BB2E9D600964E96 /* StringHelper.h in Headers */ = {isa = PBXBuildFile; fileRef = 0739DA292BB2E9D500964E96 /* StringHelper.h */; };
		0739DA432BB2E9D600964E96 /* DateTime_tests.h in Headers */ = {isa = PBXBuildFile; fileRef = 0739DA2A2BB2E9D500964E96 /* DateTime_tests.h */; };
		0739DA442BB2E9D600964E96 /* Histogram_tests.h in Headers */ = {isa = PBXBuildFile; fileRef = 0739DA2B2BB2E9D500964E96 /* Histogram_tests.h */; };
		0739DA452BB2E9D600964E96 /* MachineLearning_tests.h in Headers */ = {isa = PBXBuildFile; fileRef = 0739DA2C2BB2E9D500964E96 /* MachineLearning_tests.h */; };
		07A763112B555BE100705D31 /* ParticleSystem.h in Headers */ = {isa = PBXBuildFile; fileRef = 07A763102B555BE100705D31 /* ParticleSystem.h */; };
/* End PBXBuildFile section */

/* Begin PBXFileReference section */
		07043C6F2B05240D00834CED /* ASCII_Fonts.h */ = {isa = PBXFileReference; lastKnownFileType = sourcecode.c.h; path = ASCII_Fonts.h; sourceTree = "<group>"; };
		070BE6892B406FB2009D9BFB /* GameEngine.h */ = {isa = PBXFileReference; lastKnownFileType = sourcecode.c.h; path = GameEngine.h; sourceTree = "<group>"; };
		070BE6902B4472F3009D9BFB /* font_data_larry3d.txt */ = {isa = PBXFileReference; fileEncoding = 4; lastKnownFileType = text; path = font_data_larry3d.txt; sourceTree = "<group>"; };
		070BE6912B447309009D9BFB /* font_data_smslant.txt */ = {isa = PBXFileReference; fileEncoding = 4; lastKnownFileType = text; path = font_data_smslant.txt; sourceTree = "<group>"; };
		071CC3CA290465B3007B4B98 /* libTermin8or.dylib */ = {isa = PBXFileReference; explicitFileType = "compiled.mach-o.dylib"; includeInIndex = 0; path = libTermin8or.dylib; sourceTree = BUILT_PRODUCTS_DIR; };
		071CC3D2290465E5007B4B98 /* Text.h */ = {isa = PBXFileReference; lastKnownFileType = sourcecode.c.h; path = Text.h; sourceTree = "<group>"; };
		071CC3D5290466FE007B4B98 /* Screen.h */ = {isa = PBXFileReference; lastKnownFileType = sourcecode.c.h; path = Screen.h; sourceTree = "<group>"; };
		071CC3D72904679E007B4B98 /* SpriteHandler.h */ = {isa = PBXFileReference; lastKnownFileType = sourcecode.c.h; path = SpriteHandler.h; sourceTree = "<group>"; };
		071CC3D829046819007B4B98 /* Rectangle.h */ = {isa = PBXFileReference; lastKnownFileType = sourcecode.c.h; path = Rectangle.h; sourceTree = "<group>"; };
		071CC3D92904839C007B4B98 /* RC.h */ = {isa = PBXFileReference; lastKnownFileType = sourcecode.c.h; path = RC.h; sourceTree = "<group>"; };
		071CC3DA2904851A007B4B98 /* Pixel.h */ = {isa = PBXFileReference; lastKnownFileType = sourcecode.c.h; path = Pixel.h; sourceTree = "<group>"; };
		071CC3DC290485B0007B4B98 /* ColorGradient.h */ = {isa = PBXFileReference; lastKnownFileType = sourcecode.c.h; path = ColorGradient.h; sourceTree = "<group>"; };
		071CC3DD290485FD007B4B98 /* LineData.h */ = {isa = PBXFileReference; lastKnownFileType = sourcecode.c.h; path = LineData.h; sourceTree = "<group>"; };
		071CC3DF29048851007B4B98 /* Keyboard.h */ = {isa = PBXFileReference; lastKnownFileType = sourcecode.c.h; path = Keyboard.h; sourceTree = "<group>"; };
		071CC3E329048C85007B4B98 /* Drawing.h */ = {isa = PBXFileReference; lastKnownFileType = sourcecode.c.h; path = Drawing.h; sourceTree = "<group>"; };
		0739D9BF2BA2229100964E96 /* LICENSE */ = {isa = PBXFileReference; lastKnownFileType = text; path = LICENSE; sourceTree = "<group>"; };
		0739D9C02BA2229100964E96 /* LICENSE_FIGlet */ = {isa = PBXFileReference; lastKnownFileType = text; path = LICENSE_FIGlet; sourceTree = "<group>"; };
		0739DA102BB2E9D400964E96 /* Physics.h */ = {isa = PBXFileReference; fileEncoding = 4; lastKnownFileType = sourcecode.c.h; name = Physics.h; path = Core/Physics.h; sourceTree = "<group>"; };
		0739DA112BB2E9D500964E96 /* Histogram.h */ = {isa = PBXFileReference; fileEncoding = 4; lastKnownFileType = sourcecode.c.h; name = Histogram.h; path = Core/Histogram.h; sourceTree = "<group>"; };
		0739DA122BB2E9D500964E96 /* README.md */ = {isa = PBXFileReference; fileEncoding = 4; lastKnownFileType = net.daringfireball.markdown; name = README.md; path = Core/README.md; sourceTree = "<group>"; };
		0739DA132BB2E9D500964E96 /* Rand.h */ = {isa = PBXFileReference; fileEncoding = 4; lastKnownFileType = sourcecode.c.h; name = Rand.h; path = Core/Rand.h; sourceTree = "<group>"; };
		0739DA142BB2E9D500964E96 /* MarkovChain.h */ = {isa = PBXFileReference; fileEncoding = 4; lastKnownFileType = sourcecode.c.h; name = MarkovChain.h; path = Core/MarkovChain.h; sourceTree = "<group>"; };
		0739DA152BB2E9D500964E96 /* mnist_reader_common.h */ = {isa = PBXFileReference; fileEncoding = 4; lastKnownFileType = sourcecode.c.h; path = mnist_reader_common.h; sourceTree = "<group>"; };
		0739DA162BB2E9D500964E96 /* mnist_reader.h */ = {isa = PBXFileReference; fileEncoding = 4; lastKnownFileType = sourcecode.c.h; path = mnist_reader.h; sourceTree = "<group>"; };
		0739DA172BB2E9D500964E96 /* mnist_utils.h */ = {isa = PBXFileReference; fileEncoding = 4; lastKnownFileType = sourcecode.c.h; path = mnist_utils.h; sourceTree = "<group>"; };
		0739DA192BB2E9D500964E96 /* MNIST_Loader.h */ = {isa = PBXFileReference; fileEncoding = 4; lastKnownFileType = sourcecode.c.h; path = MNIST_Loader.h; sourceTree = "<group>"; };
		0739DA1B2BB2E9D500964E96 /* ann_cnn.h */ = {isa = PBXFileReference; fileEncoding = 4; lastKnownFileType = sourcecode.c.h; path = ann_cnn.h; sourceTree = "<group>"; };
		0739DA1C2BB2E9D500964E96 /* ann_dense.h */ = {isa = PBXFileReference; fileEncoding = 4; lastKnownFileType = sourcecode.c.h; path = ann_dense.h; sourceTree = "<group>"; };
		0739DA1D2BB2E9D500964E96 /* ann_utils.h */ = {isa = PBXFileReference; fileEncoding = 4; lastKnownFileType = sourcecode.c.h; path = ann_utils.h; sourceTree = "<group>"; };
		0739DA1E2BB2E9D500964E96 /* LeNet.h */ = {isa = PBXFileReference; fileEncoding = 4; lastKnownFileType = sourcecode.c.h; path = LeNet.h; sourceTree = "<group>"; };
		0739DA202BB2E9D500964E96 /* TextBox.h */ = {isa = PBXFileReference; fileEncoding = 4; lastKnownFileType = sourcecode.c.h; name = TextBox.h; path = Core/TextBox.h; sourceTree = "<group>"; };
		0739DA212BB2E9D500964E96 /* FlankDetector.h */ = {isa = PBXFileReference; fileEncoding = 4; lastKnownFileType = sourcecode.c.h; name = FlankDetector.h; path = Core/FlankDetector.h; sourceTree = "<group>"; };
		0739DA222BB2E9D500964E96 /* Math.h */ = {isa = PBXFileReference; fileEncoding = 4; lastKnownFileType = sourcecode.c.h; name = Math.h; path = Core/Math.h; sourceTree = "<group>"; };
		0739DA232BB2E9D500964E96 /* Uuid.h */ = {isa = PBXFileReference; fileEncoding = 4; lastKnownFileType = sourcecode.c.h; name = Uuid.h; path = Core/Uuid.h; sourceTree = "<group>"; };
		0739DA242BB2E9D500964E96 /* OneShot.h */ = {isa = PBXFileReference; fileEncoding = 4; lastKnownFileType = sourcecode.c.h; name = OneShot.h; path = Core/OneShot.h; sourceTree = "<group>"; };
		0739DA252BB2E9D500964E96 /* LICENSE */ = {isa = PBXFileReference; fileEncoding = 4; lastKnownFileType = text; name = LICENSE; path = Core/LICENSE; sourceTree = "<group>"; };
		0739DA262BB2E9D500964E96 /* StlUtils.h */ = {isa = PBXFileReference; fileEncoding = 4; lastKnownFileType = sourcecode.c.h; name = StlUtils.h; path = Core/StlUtils.h; sourceTree = "<group>"; };
		0739DA272BB2E9D500964E96 /* DateTime.h */ = {isa = PBXFileReference; fileEncoding = 4; lastKnownFileType = sourcecode.c.h; name = DateTime.h; path = Core/DateTime.h; sourceTree = "<group>"; };
		0739DA282BB2E9D500964E96 /* Delay.h */ = {isa = PBXFileReference; fileEncoding = 4; lastKnownFileType = sourcecode.c.h; name = Delay.h; path = Core/Delay.h; sourceTree = "<group>"; };
		0739DA292BB2E9D500964E96 /* StringHelper.h */ = {isa = PBXFileReference; fileEncoding = 4; lastKnownFileType = sourcecode.c.h; name = StringHelper.h; path = Core/StringHelper.h; sourceTree = "<group>"; };
		0739DA2A2BB2E9D500964E96 /* DateTime_tests.h */ = {isa = PBXFileReference; fileEncoding = 4; lastKnownFileType = sourcecode.c.h; path = DateTime_tests.h; sourceTree = "<group>"; };
		0739DA2B2BB2E9D500964E96 /* Histogram_tests.h */ = {isa = PBXFileReference; fileEncoding = 4; lastKnownFileType = sourcecode.c.h; path = Histogram_tests.h; sourceTree = "<group>"; };
		0739DA2C2BB2E9D500964E96 /* MachineLearning_tests.h */ = {isa = PBXFileReference; fileEncoding = 4; lastKnownFileType = sourcecode.c.h; path = MachineLearning_tests.h; sourceTree = "<group>"; };
		0739DA462BB2E9FD00964E96 /* build.sh */ = {isa = PBXFileReference; fileEncoding = 4; lastKnownFileType = text.script.sh; name = build.sh; path = Core/build.sh; sourceTree = "<group>"; };
		0760B6F02B9CEABC0032CACD /* README.md */ = {isa = PBXFileReference; lastKnownFileType = net.daringfireball.markdown; path = README.md; sourceTree = "<group>"; };
		07A763102B555BE100705D31 /* ParticleSystem.h */ = {isa = PBXFileReference; lastKnownFileType = sourcecode.c.h; path = ParticleSystem.h; sourceTree = "<group>"; };
/* End PBXFileReference section */

/* Begin PBXFrameworksBuildPhase section */
		071CC3C8290465B3007B4B98 /* Frameworks */ = {
			isa = PBXFrameworksBuildPhase;
			buildActionMask = 2147483647;
			files = (
			);
			runOnlyForDeploymentPostprocessing = 0;
		};
/* End PBXFrameworksBuildPhase section */

/* Begin PBXGroup section */
		070BE68F2B445908009D9BFB /* fonts */ = {
			isa = PBXGroup;
			children = (
				070BE6902B4472F3009D9BFB /* font_data_larry3d.txt */,
				070BE6912B447309009D9BFB /* font_data_smslant.txt */,
			);
			path = fonts;
			sourceTree = "<group>";
		};
		071CC3C1290465B3007B4B98 = {
			isa = PBXGroup;
			children = (
				0739DA0F2BB2E9A700964E96 /* Core */,
				0739D9BF2BA2229100964E96 /* LICENSE */,
				0739D9C02BA2229100964E96 /* LICENSE_FIGlet */,
				0760B6F02B9CEABC0032CACD /* README.md */,
				070BE6892B406FB2009D9BFB /* GameEngine.h */,
				07043C6F2B05240D00834CED /* ASCII_Fonts.h */,
				070BE68F2B445908009D9BFB /* fonts */,
				071CC3E329048C85007B4B98 /* Drawing.h */,
				071CC3D2290465E5007B4B98 /* Text.h */,
				071CC3DC290485B0007B4B98 /* ColorGradient.h */,
				071CC3DD290485FD007B4B98 /* LineData.h */,
				071CC3DF29048851007B4B98 /* Keyboard.h */,
				07A763102B555BE100705D31 /* ParticleSystem.h */,
				071CC3D5290466FE007B4B98 /* Screen.h */,
				071CC3D829046819007B4B98 /* Rectangle.h */,
				071CC3D72904679E007B4B98 /* SpriteHandler.h */,
				071CC3DA2904851A007B4B98 /* Pixel.h */,
				071CC3D92904839C007B4B98 /* RC.h */,
				071CC3CB290465B3007B4B98 /* Products */,
			);
			sourceTree = "<group>";
		};
		071CC3CB290465B3007B4B98 /* Products */ = {
			isa = PBXGroup;
			children = (
				071CC3CA290465B3007B4B98 /* libTermin8or.dylib */,
			);
			name = Products;
			sourceTree = "<group>";
		};
		0739DA0F2BB2E9A700964E96 /* Core */ = {
			isa = PBXGroup;
			children = (
				0739DA252BB2E9D500964E96 /* LICENSE */,
				0739DA122BB2E9D500964E96 /* README.md */,
				0739DA462BB2E9FD00964E96 /* build.sh */,
				0739DA272BB2E9D500964E96 /* DateTime.h */,
				0739DA282BB2E9D500964E96 /* Delay.h */,
				0739DA212BB2E9D500964E96 /* FlankDetector.h */,
				0739DA112BB2E9D500964E96 /* Histogram.h */,
				0739DA1F2BB2E9D500964E96 /* MachineLearning */,
				0739DA142BB2E9D500964E96 /* MarkovChain.h */,
				0739DA222BB2E9D500964E96 /* Math.h */,
				0739DA242BB2E9D500964E96 /* OneShot.h */,
				0739DA102BB2E9D400964E96 /* Physics.h */,
				0739DA132BB2E9D500964E96 /* Rand.h */,
				0739DA262BB2E9D500964E96 /* StlUtils.h */,
				0739DA292BB2E9D500964E96 /* StringHelper.h */,
				0739DA2D2BB2E9D500964E96 /* Tests */,
				0739DA202BB2E9D500964E96 /* TextBox.h */,
				0739DA232BB2E9D500964E96 /* Uuid.h */,
			);
			name = Core;
			sourceTree = "<group>";
		};
		0739DA182BB2E9D500964E96 /* wichtounet_mnist_reader */ = {
			isa = PBXGroup;
			children = (
				0739DA152BB2E9D500964E96 /* mnist_reader_common.h */,
				0739DA162BB2E9D500964E96 /* mnist_reader.h */,
				0739DA172BB2E9D500964E96 /* mnist_utils.h */,
			);
			path = wichtounet_mnist_reader;
			sourceTree = "<group>";
		};
		0739DA1A2BB2E9D500964E96 /* MNIST */ = {
			isa = PBXGroup;
			children = (
				0739DA182BB2E9D500964E96 /* wichtounet_mnist_reader */,
				0739DA192BB2E9D500964E96 /* MNIST_Loader.h */,
			);
			path = MNIST;
			sourceTree = "<group>";
		};
		0739DA1F2BB2E9D500964E96 /* MachineLearning */ = {
			isa = PBXGroup;
			children = (
				0739DA1A2BB2E9D500964E96 /* MNIST */,
				0739DA1B2BB2E9D500964E96 /* ann_cnn.h */,
				0739DA1C2BB2E9D500964E96 /* ann_dense.h */,
				0739DA1D2BB2E9D500964E96 /* ann_utils.h */,
				0739DA1E2BB2E9D500964E96 /* LeNet.h */,
			);
			name = MachineLearning;
			path = Core/MachineLearning;
			sourceTree = "<group>";
		};
		0739DA2D2BB2E9D500964E96 /* Tests */ = {
			isa = PBXGroup;
			children = (
				0739DA2A2BB2E9D500964E96 /* DateTime_tests.h */,
				0739DA2B2BB2E9D500964E96 /* Histogram_tests.h */,
				0739DA2C2BB2E9D500964E96 /* MachineLearning_tests.h */,
			);
			name = Tests;
			path = Core/Tests;
			sourceTree = "<group>";
		};
/* End PBXGroup section */

/* Begin PBXHeadersBuildPhase section */
		071CC3C6290465B3007B4B98 /* Headers */ = {
			isa = PBXHeadersBuildPhase;
			buildActionMask = 2147483647;
			files = (
				0739DA362BB2E9D600964E96 /* ann_cnn.h in Headers */,
				0739DA402BB2E9D600964E96 /* DateTime.h in Headers */,
				0739DA322BB2E9D600964E96 /* mnist_reader_common.h in Headers */,
				0739DA382BB2E9D600964E96 /* ann_utils.h in Headers */,
				0739DA332BB2E9D600964E96 /* mnist_reader.h in Headers */,
				0739DA2F2BB2E9D600964E96 /* Histogram.h in Headers */,
				0739DA432BB2E9D600964E96 /* DateTime_tests.h in Headers */,
				0739DA442BB2E9D600964E96 /* Histogram_tests.h in Headers */,
				0739DA3E2BB2E9D600964E96 /* OneShot.h in Headers */,
				0739DA302BB2E9D600964E96 /* Rand.h in Headers */,
				0739DA3C2BB2E9D600964E96 /* Math.h in Headers */,
				0739DA312BB2E9D600964E96 /* MarkovChain.h in Headers */,
				0739DA2E2BB2E9D600964E96 /* Physics.h in Headers */,
				0739DA3B2BB2E9D600964E96 /* FlankDetector.h in Headers */,
				0739DA352BB2E9D600964E96 /* MNIST_Loader.h in Headers */,
				0739DA372BB2E9D600964E96 /* ann_dense.h in Headers */,
				0739DA3D2BB2E9D600964E96 /* Uuid.h in Headers */,
				0739DA342BB2E9D600964E96 /* mnist_utils.h in Headers */,
				07A763112B555BE100705D31 /* ParticleSystem.h in Headers */,
				0739DA422BB2E9D600964E96 /* StringHelper.h in Headers */,
				0739DA392BB2E9D600964E96 /* LeNet.h in Headers */,
				0739DA412BB2E9D600964E96 /* Delay.h in Headers */,
				0739DA452BB2E9D600964E96 /* MachineLearning_tests.h in Headers */,
				0739DA3F2BB2E9D600964E96 /* StlUtils.h in Headers */,
				0739DA3A2BB2E9D600964E96 /* TextBox.h in Headers */,
			);
			runOnlyForDeploymentPostprocessing = 0;
		};
/* End PBXHeadersBuildPhase section */

/* Begin PBXNativeTarget section */
		071CC3C9290465B3007B4B98 /* Termin8or */ = {
			isa = PBXNativeTarget;
			buildConfigurationList = 071CC3CE290465B3007B4B98 /* Build configuration list for PBXNativeTarget "Termin8or" */;
			buildPhases = (
				071CC3C6290465B3007B4B98 /* Headers */,
				071CC3C7290465B3007B4B98 /* Sources */,
				071CC3C8290465B3007B4B98 /* Frameworks */,
			);
			buildRules = (
			);
			dependencies = (
			);
			name = Termin8or;
			productName = "Terminal Text Lib";
			productReference = 071CC3CA290465B3007B4B98 /* libTermin8or.dylib */;
			productType = "com.apple.product-type.library.dynamic";
		};
/* End PBXNativeTarget section */

/* Begin PBXProject section */
		071CC3C2290465B3007B4B98 /* Project object */ = {
			isa = PBXProject;
			attributes = {
				BuildIndependentTargetsInParallel = 1;
				LastUpgradeCheck = 1520;
				TargetAttributes = {
					071CC3C9290465B3007B4B98 = {
						CreatedOnToolsVersion = 13.2.1;
					};
				};
			};
			buildConfigurationList = 071CC3C5290465B3007B4B98 /* Build configuration list for PBXProject "Termin8or" */;
			compatibilityVersion = "Xcode 13.0";
			developmentRegion = en;
			hasScannedForEncodings = 0;
			knownRegions = (
				en,
				Base,
			);
			mainGroup = 071CC3C1290465B3007B4B98;
			productRefGroup = 071CC3CB290465B3007B4B98 /* Products */;
			projectDirPath = "";
			projectRoot = "";
			targets = (
				071CC3C9290465B3007B4B98 /* Termin8or */,
			);
		};
/* End PBXProject section */

/* Begin PBXSourcesBuildPhase section */
		071CC3C7290465B3007B4B98 /* Sources */ = {
			isa = PBXSourcesBuildPhase;
			buildActionMask = 2147483647;
			files = (
			);
			runOnlyForDeploymentPostprocessing = 0;
		};
/* End PBXSourcesBuildPhase section */

/* Begin XCBuildConfiguration section */
		071CC3CC290465B3007B4B98 /* Debug */ = {
			isa = XCBuildConfiguration;
			buildSettings = {
				ALWAYS_SEARCH_USER_PATHS = NO;
				CLANG_ANALYZER_NONNULL = YES;
				CLANG_ANALYZER_NUMBER_OBJECT_CONVERSION = YES_AGGRESSIVE;
				CLANG_CXX_LANGUAGE_STANDARD = "gnu++17";
				CLANG_CXX_LIBRARY = "libc++";
				CLANG_ENABLE_MODULES = YES;
				CLANG_ENABLE_OBJC_ARC = YES;
				CLANG_ENABLE_OBJC_WEAK = YES;
				CLANG_WARN_BLOCK_CAPTURE_AUTORELEASING = YES;
				CLANG_WARN_BOOL_CONVERSION = YES;
				CLANG_WARN_COMMA = YES;
				CLANG_WARN_CONSTANT_CONVERSION = YES;
				CLANG_WARN_DEPRECATED_OBJC_IMPLEMENTATIONS = YES;
				CLANG_WARN_DIRECT_OBJC_ISA_USAGE = YES_ERROR;
				CLANG_WARN_DOCUMENTATION_COMMENTS = YES;
				CLANG_WARN_EMPTY_BODY = YES;
				CLANG_WARN_ENUM_CONVERSION = YES;
				CLANG_WARN_INFINITE_RECURSION = YES;
				CLANG_WARN_INT_CONVERSION = YES;
				CLANG_WARN_NON_LITERAL_NULL_CONVERSION = YES;
				CLANG_WARN_OBJC_IMPLICIT_RETAIN_SELF = YES;
				CLANG_WARN_OBJC_LITERAL_CONVERSION = YES;
				CLANG_WARN_OBJC_ROOT_CLASS = YES_ERROR;
				CLANG_WARN_QUOTED_INCLUDE_IN_FRAMEWORK_HEADER = YES;
				CLANG_WARN_RANGE_LOOP_ANALYSIS = YES;
				CLANG_WARN_STRICT_PROTOTYPES = YES;
				CLANG_WARN_SUSPICIOUS_MOVE = YES;
				CLANG_WARN_UNGUARDED_AVAILABILITY = YES_AGGRESSIVE;
				CLANG_WARN_UNREACHABLE_CODE = YES;
				CLANG_WARN__DUPLICATE_METHOD_MATCH = YES;
				COPY_PHASE_STRIP = NO;
				DEAD_CODE_STRIPPING = YES;
				DEBUG_INFORMATION_FORMAT = dwarf;
				ENABLE_STRICT_OBJC_MSGSEND = YES;
				ENABLE_TESTABILITY = YES;
				ENABLE_USER_SCRIPT_SANDBOXING = YES;
				GCC_C_LANGUAGE_STANDARD = gnu11;
				GCC_DYNAMIC_NO_PIC = NO;
				GCC_NO_COMMON_BLOCKS = YES;
				GCC_OPTIMIZATION_LEVEL = 0;
				GCC_PREPROCESSOR_DEFINITIONS = (
					"DEBUG=1",
					"$(inherited)",
				);
				GCC_WARN_64_TO_32_BIT_CONVERSION = YES;
				GCC_WARN_ABOUT_RETURN_TYPE = YES_ERROR;
				GCC_WARN_UNDECLARED_SELECTOR = YES;
				GCC_WARN_UNINITIALIZED_AUTOS = YES_AGGRESSIVE;
				GCC_WARN_UNUSED_FUNCTION = YES;
				GCC_WARN_UNUSED_VARIABLE = YES;
				MACOSX_DEPLOYMENT_TARGET = 12.1;
				MTL_ENABLE_DEBUG_INFO = INCLUDE_SOURCE;
				MTL_FAST_MATH = YES;
				ONLY_ACTIVE_ARCH = YES;
				SDKROOT = macosx;
			};
			name = Debug;
		};
		071CC3CD290465B3007B4B98 /* Release */ = {
			isa = XCBuildConfiguration;
			buildSettings = {
				ALWAYS_SEARCH_USER_PATHS = NO;
				CLANG_ANALYZER_NONNULL = YES;
				CLANG_ANALYZER_NUMBER_OBJECT_CONVERSION = YES_AGGRESSIVE;
				CLANG_CXX_LANGUAGE_STANDARD = "gnu++17";
				CLANG_CXX_LIBRARY = "libc++";
				CLANG_ENABLE_MODULES = YES;
				CLANG_ENABLE_OBJC_ARC = YES;
				CLANG_ENABLE_OBJC_WEAK = YES;
				CLANG_WARN_BLOCK_CAPTURE_AUTORELEASING = YES;
				CLANG_WARN_BOOL_CONVERSION = YES;
				CLANG_WARN_COMMA = YES;
				CLANG_WARN_CONSTANT_CONVERSION = YES;
				CLANG_WARN_DEPRECATED_OBJC_IMPLEMENTATIONS = YES;
				CLANG_WARN_DIRECT_OBJC_ISA_USAGE = YES_ERROR;
				CLANG_WARN_DOCUMENTATION_COMMENTS = YES;
				CLANG_WARN_EMPTY_BODY = YES;
				CLANG_WARN_ENUM_CONVERSION = YES;
				CLANG_WARN_INFINITE_RECURSION = YES;
				CLANG_WARN_INT_CONVERSION = YES;
				CLANG_WARN_NON_LITERAL_NULL_CONVERSION = YES;
				CLANG_WARN_OBJC_IMPLICIT_RETAIN_SELF = YES;
				CLANG_WARN_OBJC_LITERAL_CONVERSION = YES;
				CLANG_WARN_OBJC_ROOT_CLASS = YES_ERROR;
				CLANG_WARN_QUOTED_INCLUDE_IN_FRAMEWORK_HEADER = YES;
				CLANG_WARN_RANGE_LOOP_ANALYSIS = YES;
				CLANG_WARN_STRICT_PROTOTYPES = YES;
				CLANG_WARN_SUSPICIOUS_MOVE = YES;
				CLANG_WARN_UNGUARDED_AVAILABILITY = YES_AGGRESSIVE;
				CLANG_WARN_UNREACHABLE_CODE = YES;
				CLANG_WARN__DUPLICATE_METHOD_MATCH = YES;
				COPY_PHASE_STRIP = NO;
				DEAD_CODE_STRIPPING = YES;
				DEBUG_INFORMATION_FORMAT = "dwarf-with-dsym";
				ENABLE_NS_ASSERTIONS = NO;
				ENABLE_STRICT_OBJC_MSGSEND = YES;
				ENABLE_USER_SCRIPT_SANDBOXING = YES;
				GCC_C_LANGUAGE_STANDARD = gnu11;
				GCC_NO_COMMON_BLOCKS = YES;
				GCC_WARN_64_TO_32_BIT_CONVERSION = YES;
				GCC_WARN_ABOUT_RETURN_TYPE = YES_ERROR;
				GCC_WARN_UNDECLARED_SELECTOR = YES;
				GCC_WARN_UNINITIALIZED_AUTOS = YES_AGGRESSIVE;
				GCC_WARN_UNUSED_FUNCTION = YES;
				GCC_WARN_UNUSED_VARIABLE = YES;
				MACOSX_DEPLOYMENT_TARGET = 12.1;
				MTL_ENABLE_DEBUG_INFO = NO;
				MTL_FAST_MATH = YES;
				SDKROOT = macosx;
			};
			name = Release;
		};
		071CC3CF290465B3007B4B98 /* Debug */ = {
			isa = XCBuildConfiguration;
			buildSettings = {
				CODE_SIGN_STYLE = Automatic;
				DEAD_CODE_STRIPPING = YES;
				DEVELOPMENT_ASSET_PATHS = "";
				DEVELOPMENT_TEAM = HFL2Q84SZB;
				DYLIB_COMPATIBILITY_VERSION = 1;
				DYLIB_CURRENT_VERSION = 1;
				EXECUTABLE_PREFIX = lib;
				PRODUCT_NAME = "$(TARGET_NAME)";
				SKIP_INSTALL = YES;
			};
			name = Debug;
		};
		071CC3D0290465B3007B4B98 /* Release */ = {
			isa = XCBuildConfiguration;
			buildSettings = {
				CODE_SIGN_STYLE = Automatic;
				DEAD_CODE_STRIPPING = YES;
				DEVELOPMENT_ASSET_PATHS = "";
				DEVELOPMENT_TEAM = HFL2Q84SZB;
				DYLIB_COMPATIBILITY_VERSION = 1;
				DYLIB_CURRENT_VERSION = 1;
				EXECUTABLE_PREFIX = lib;
				PRODUCT_NAME = "$(TARGET_NAME)";
				SKIP_INSTALL = YES;
			};
			name = Release;
		};
/* End XCBuildConfiguration section */

/* Begin XCConfigurationList section */
		071CC3C5290465B3007B4B98 /* Build configuration list for PBXProject "Termin8or" */ = {
			isa = XCConfigurationList;
			buildConfigurations = (
				071CC3CC290465B3007B4B98 /* Debug */,
				071CC3CD290465B3007B4B98 /* Release */,
			);
			defaultConfigurationIsVisible = 0;
			defaultConfigurationName = Release;
		};
		071CC3CE290465B3007B4B98 /* Build configuration list for PBXNativeTarget "Termin8or" */ = {
			isa = XCConfigurationList;
			buildConfigurations = (
				071CC3CF290465B3007B4B98 /* Debug */,
				071CC3D0290465B3007B4B98 /* Release */,
			);
			defaultConfigurationIsVisible = 0;
			defaultConfigurationName = Release;
		};
/* End XCConfigurationList section */
	};
	rootObject = 071CC3C2290465B3007B4B98 /* Project object */;
}
