// !$*UTF8*$!
{
	archiveVersion = 1;
	classes = {
	};
	objectVersion = 55;
	objects = {

/* Begin PBXBuildFile section */
		07BDBA6C2E741B05002ACC96 /* Styles.h in Headers */ = {isa = PBXBuildFile; fileRef = 07BDBA692E741B05002ACC96 /* Styles.h */; };
		07BDBA6D2E741B05002ACC96 /* ScreenUtils.h in Headers */ = {isa = PBXBuildFile; fileRef = 07BDBA682E741B05002ACC96 /* ScreenUtils.h */; };
		07BDBA6E2E741B05002ACC96 /* ScreenCommands.h in Headers */ = {isa = PBXBuildFile; fileRef = 07BDBA642E741B05002ACC96 /* ScreenCommands.h */; };
		07BDBA6F2E741B05002ACC96 /* Text.h in Headers */ = {isa = PBXBuildFile; fileRef = 07BDBA6A2E741B05002ACC96 /* Text.h */; };
		07BDBA702E741B05002ACC96 /* ScreenHandler.h in Headers */ = {isa = PBXBuildFile; fileRef = 07BDBA662E741B05002ACC96 /* ScreenHandler.h */; };
		07BDBA712E741B05002ACC96 /* ScreenCommandsBasic.h in Headers */ = {isa = PBXBuildFile; fileRef = 07BDBA652E741B05002ACC96 /* ScreenCommandsBasic.h */; };
		07BDBA722E741B05002ACC96 /* ScreenScaling.h in Headers */ = {isa = PBXBuildFile; fileRef = 07BDBA672E741B05002ACC96 /* ScreenScaling.h */; };
		07BDBA732E741B05002ACC96 /* Color.h in Headers */ = {isa = PBXBuildFile; fileRef = 07BDBA632E741B05002ACC96 /* Color.h */; };
		07BDBA782E741B2D002ACC96 /* AABB.h in Headers */ = {isa = PBXBuildFile; fileRef = 07BDBA742E741B2D002ACC96 /* AABB.h */; };
		07BDBA792E741B2D002ACC96 /* Rectangle.h in Headers */ = {isa = PBXBuildFile; fileRef = 07BDBA762E741B2D002ACC96 /* Rectangle.h */; };
		07BDBA7A2E741B2D002ACC96 /* RC.h in Headers */ = {isa = PBXBuildFile; fileRef = 07BDBA752E741B2D002ACC96 /* RC.h */; };
		07BDBA802E741BC1002ACC96 /* Keyboard.h in Headers */ = {isa = PBXBuildFile; fileRef = 07BDBA7D2E741BC1002ACC96 /* Keyboard.h */; };
		07BDBA812E741BC1002ACC96 /* KeyboardEnums.h in Headers */ = {isa = PBXBuildFile; fileRef = 07BDBA7E2E741BC1002ACC96 /* KeyboardEnums.h */; };
		07BDBA892E741BEF002ACC96 /* Gradient.h in Headers */ = {isa = PBXBuildFile; fileRef = 07BDBA842E741BEF002ACC96 /* Gradient.h */; };
		07BDBA8A2E741BEF002ACC96 /* Texture.h in Headers */ = {isa = PBXBuildFile; fileRef = 07BDBA872E741BEF002ACC96 /* Texture.h */; };
		07BDBA8B2E741BEF002ACC96 /* Pixel.h in Headers */ = {isa = PBXBuildFile; fileRef = 07BDBA862E741BEF002ACC96 /* Pixel.h */; };
		07BDBA8C2E741BEF002ACC96 /* LineData.h in Headers */ = {isa = PBXBuildFile; fileRef = 07BDBA852E741BEF002ACC96 /* LineData.h */; };
		07BDBA8D2E741BEF002ACC96 /* Drawing.h in Headers */ = {isa = PBXBuildFile; fileRef = 07BDBA832E741BEF002ACC96 /* Drawing.h */; };
		07BDBA8E2E741BEF002ACC96 /* Animation.h in Headers */ = {isa = PBXBuildFile; fileRef = 07BDBA822E741BEF002ACC96 /* Animation.h */; };
		07BDBA922E741C14002ACC96 /* MessageHandler.h in Headers */ = {isa = PBXBuildFile; fileRef = 07BDBA8F2E741C14002ACC96 /* MessageHandler.h */; };
		07BDBA932E741C14002ACC96 /* UI.h in Headers */ = {isa = PBXBuildFile; fileRef = 07BDBA902E741C14002ACC96 /* UI.h */; };
		07BDBA9B2E741C3B002ACC96 /* ASCII_Fonts.h in Headers */ = {isa = PBXBuildFile; fileRef = 07BDBA992E741C3B002ACC96 /* ASCII_Fonts.h */; };
		07BDBA9F2E741C6A002ACC96 /* GameEngine.h in Headers */ = {isa = PBXBuildFile; fileRef = 07BDBA9C2E741C6A002ACC96 /* GameEngine.h */; };
		07BDBAA02E741C6A002ACC96 /* Logging.h in Headers */ = {isa = PBXBuildFile; fileRef = 07BDBA9D2E741C6A002ACC96 /* Logging.h */; };
		07BDBAA32E741C83002ACC96 /* StringConversion.h in Headers */ = {isa = PBXBuildFile; fileRef = 07BDBAA12E741C83002ACC96 /* StringConversion.h */; };
		07BDBAA62E741CB6002ACC96 /* SpriteHandler.h in Headers */ = {isa = PBXBuildFile; fileRef = 07BDBAA42E741CB6002ACC96 /* SpriteHandler.h */; };
		07BDBAAD2E741CE6002ACC96 /* ParticleSystem.h in Headers */ = {isa = PBXBuildFile; fileRef = 07BDBAAB2E741CE6002ACC96 /* ParticleSystem.h */; };
		07BDBAAE2E741CE6002ACC96 /* CollisionHandler.h in Headers */ = {isa = PBXBuildFile; fileRef = 07BDBAA72E741CE6002ACC96 /* CollisionHandler.h */; };
		07BDBAAF2E741CE6002ACC96 /* RigidBody.h in Headers */ = {isa = PBXBuildFile; fileRef = 07BDBAA92E741CE6002ACC96 /* RigidBody.h */; };
		07BDBAB02E741CE6002ACC96 /* DynamicsSystem.h in Headers */ = {isa = PBXBuildFile; fileRef = 07BDBAA82E741CE6002ACC96 /* DynamicsSystem.h */; };
/* End PBXBuildFile section */

/* Begin PBXFileReference section */
		071CC3CA290465B3007B4B98 /* libTermin8or.dylib */ = {isa = PBXFileReference; explicitFileType = "compiled.mach-o.dylib"; includeInIndex = 0; path = libTermin8or.dylib; sourceTree = BUILT_PRODUCTS_DIR; };
		0739D9BF2BA2229100964E96 /* LICENSE */ = {isa = PBXFileReference; lastKnownFileType = text; path = LICENSE; sourceTree = "<group>"; };
		075AC77B2E6C767800D0EE66 /* dependencies */ = {isa = PBXFileReference; lastKnownFileType = text; path = dependencies; sourceTree = SOURCE_ROOT; };
		075AC77C2E6C767800D0EE66 /* fetch-dependencies.py */ = {isa = PBXFileReference; lastKnownFileType = text.script.python; path = "fetch-dependencies.py"; sourceTree = SOURCE_ROOT; };
		0760B6F02B9CEABC0032CACD /* README.md */ = {isa = PBXFileReference; lastKnownFileType = net.daringfireball.markdown; path = README.md; sourceTree = "<group>"; };
		07685DAB2CD510E200472204 /* Keyboard_examples.h */ = {isa = PBXFileReference; lastKnownFileType = sourcecode.c.h; path = Keyboard_examples.h; sourceTree = "<group>"; };
		07BDBA632E741B05002ACC96 /* Color.h */ = {isa = PBXFileReference; lastKnownFileType = sourcecode.c.h; path = Color.h; sourceTree = "<group>"; };
		07BDBA642E741B05002ACC96 /* ScreenCommands.h */ = {isa = PBXFileReference; lastKnownFileType = sourcecode.c.h; path = ScreenCommands.h; sourceTree = "<group>"; };
		07BDBA652E741B05002ACC96 /* ScreenCommandsBasic.h */ = {isa = PBXFileReference; lastKnownFileType = sourcecode.c.h; path = ScreenCommandsBasic.h; sourceTree = "<group>"; };
		07BDBA662E741B05002ACC96 /* ScreenHandler.h */ = {isa = PBXFileReference; lastKnownFileType = sourcecode.c.h; path = ScreenHandler.h; sourceTree = "<group>"; };
		07BDBA672E741B05002ACC96 /* ScreenScaling.h */ = {isa = PBXFileReference; lastKnownFileType = sourcecode.c.h; path = ScreenScaling.h; sourceTree = "<group>"; };
		07BDBA682E741B05002ACC96 /* ScreenUtils.h */ = {isa = PBXFileReference; lastKnownFileType = sourcecode.c.h; path = ScreenUtils.h; sourceTree = "<group>"; };
		07BDBA692E741B05002ACC96 /* Styles.h */ = {isa = PBXFileReference; lastKnownFileType = sourcecode.c.h; path = Styles.h; sourceTree = "<group>"; };
		07BDBA6A2E741B05002ACC96 /* Text.h */ = {isa = PBXFileReference; lastKnownFileType = sourcecode.c.h; path = Text.h; sourceTree = "<group>"; };
		07BDBA742E741B2D002ACC96 /* AABB.h */ = {isa = PBXFileReference; lastKnownFileType = sourcecode.c.h; path = AABB.h; sourceTree = "<group>"; };
		07BDBA752E741B2D002ACC96 /* RC.h */ = {isa = PBXFileReference; lastKnownFileType = sourcecode.c.h; path = RC.h; sourceTree = "<group>"; };
		07BDBA762E741B2D002ACC96 /* Rectangle.h */ = {isa = PBXFileReference; lastKnownFileType = sourcecode.c.h; path = Rectangle.h; sourceTree = "<group>"; };
		07BDBA7D2E741BC1002ACC96 /* Keyboard.h */ = {isa = PBXFileReference; lastKnownFileType = sourcecode.c.h; path = Keyboard.h; sourceTree = "<group>"; };
		07BDBA7E2E741BC1002ACC96 /* KeyboardEnums.h */ = {isa = PBXFileReference; lastKnownFileType = sourcecode.c.h; path = KeyboardEnums.h; sourceTree = "<group>"; };
		07BDBA822E741BEF002ACC96 /* Animation.h */ = {isa = PBXFileReference; lastKnownFileType = sourcecode.c.h; path = Animation.h; sourceTree = "<group>"; };
		07BDBA832E741BEF002ACC96 /* Drawing.h */ = {isa = PBXFileReference; lastKnownFileType = sourcecode.c.h; path = Drawing.h; sourceTree = "<group>"; };
		07BDBA842E741BEF002ACC96 /* Gradient.h */ = {isa = PBXFileReference; lastKnownFileType = sourcecode.c.h; path = Gradient.h; sourceTree = "<group>"; };
		07BDBA852E741BEF002ACC96 /* LineData.h */ = {isa = PBXFileReference; lastKnownFileType = sourcecode.c.h; path = LineData.h; sourceTree = "<group>"; };
		07BDBA862E741BEF002ACC96 /* Pixel.h */ = {isa = PBXFileReference; lastKnownFileType = sourcecode.c.h; path = Pixel.h; sourceTree = "<group>"; };
		07BDBA872E741BEF002ACC96 /* Texture.h */ = {isa = PBXFileReference; lastKnownFileType = sourcecode.c.h; path = Texture.h; sourceTree = "<group>"; };
		07BDBA8F2E741C14002ACC96 /* MessageHandler.h */ = {isa = PBXFileReference; lastKnownFileType = sourcecode.c.h; path = MessageHandler.h; sourceTree = "<group>"; };
		07BDBA902E741C14002ACC96 /* UI.h */ = {isa = PBXFileReference; lastKnownFileType = sourcecode.c.h; path = UI.h; sourceTree = "<group>"; };
		07BDBA942E741C3B002ACC96 /* font_data_avatar.txt */ = {isa = PBXFileReference; lastKnownFileType = text; path = font_data_avatar.txt; sourceTree = "<group>"; };
		07BDBA952E741C3B002ACC96 /* font_data_larry3d.txt */ = {isa = PBXFileReference; lastKnownFileType = text; path = font_data_larry3d.txt; sourceTree = "<group>"; };
		07BDBA962E741C3B002ACC96 /* font_data_smslant.txt */ = {isa = PBXFileReference; lastKnownFileType = text; path = font_data_smslant.txt; sourceTree = "<group>"; };
		07BDBA972E741C3B002ACC96 /* LICENSE_FIGlet */ = {isa = PBXFileReference; lastKnownFileType = text; path = LICENSE_FIGlet; sourceTree = "<group>"; };
		07BDBA992E741C3B002ACC96 /* ASCII_Fonts.h */ = {isa = PBXFileReference; lastKnownFileType = sourcecode.c.h; path = ASCII_Fonts.h; sourceTree = "<group>"; };
		07BDBA9C2E741C6A002ACC96 /* GameEngine.h */ = {isa = PBXFileReference; lastKnownFileType = sourcecode.c.h; path = GameEngine.h; sourceTree = "<group>"; };
		07BDBA9D2E741C6A002ACC96 /* Logging.h */ = {isa = PBXFileReference; lastKnownFileType = sourcecode.c.h; path = Logging.h; sourceTree = "<group>"; };
		07BDBAA12E741C83002ACC96 /* StringConversion.h */ = {isa = PBXFileReference; lastKnownFileType = sourcecode.c.h; path = StringConversion.h; sourceTree = "<group>"; };
		07BDBAA42E741CB6002ACC96 /* SpriteHandler.h */ = {isa = PBXFileReference; lastKnownFileType = sourcecode.c.h; path = SpriteHandler.h; sourceTree = "<group>"; };
		07BDBAA72E741CE6002ACC96 /* CollisionHandler.h */ = {isa = PBXFileReference; lastKnownFileType = sourcecode.c.h; path = CollisionHandler.h; sourceTree = "<group>"; };
		07BDBAA82E741CE6002ACC96 /* DynamicsSystem.h */ = {isa = PBXFileReference; lastKnownFileType = sourcecode.c.h; path = DynamicsSystem.h; sourceTree = "<group>"; };
		07BDBAA92E741CE6002ACC96 /* RigidBody.h */ = {isa = PBXFileReference; lastKnownFileType = sourcecode.c.h; path = RigidBody.h; sourceTree = "<group>"; };
		07BDBAAB2E741CE6002ACC96 /* ParticleSystem.h */ = {isa = PBXFileReference; lastKnownFileType = sourcecode.c.h; path = ParticleSystem.h; sourceTree = "<group>"; };
		07D007BF2CBF39BD00CCB5E7 /* SpriteHandler_examples.h */ = {isa = PBXFileReference; lastKnownFileType = sourcecode.c.h; path = SpriteHandler_examples.h; sourceTree = "<group>"; };
		07D007C12CBF3AD100CCB5E7 /* examples.cpp */ = {isa = PBXFileReference; lastKnownFileType = sourcecode.cpp.cpp; path = examples.cpp; sourceTree = "<group>"; };
		07D007C32CBF3B4000CCB5E7 /* build_examples.sh */ = {isa = PBXFileReference; lastKnownFileType = text.script.sh; path = build_examples.sh; sourceTree = "<group>"; };
		07D007C42CC2B8A300CCB5E7 /* build_examples.bat */ = {isa = PBXFileReference; lastKnownFileType = text; path = build_examples.bat; sourceTree = "<group>"; };
		07D007C52CC3B96600CCB5E7 /* background.tex */ = {isa = PBXFileReference; lastKnownFileType = text; path = background.tex; sourceTree = "<group>"; };
		07FDE97E2CA0C0F700116BA7 /* Rectangle_tests.h */ = {isa = PBXFileReference; lastKnownFileType = sourcecode.c.h; path = Rectangle_tests.h; sourceTree = "<group>"; };
		07FDE97F2CA0C4E100116BA7 /* build_unit_tests.sh */ = {isa = PBXFileReference; lastKnownFileType = text.script.sh; path = build_unit_tests.sh; sourceTree = "<group>"; };
		07FDE9802CA0C4E100116BA7 /* unit_tests.cpp */ = {isa = PBXFileReference; lastKnownFileType = sourcecode.cpp.cpp; path = unit_tests.cpp; sourceTree = "<group>"; };
		07FDE9822CA0C75C00116BA7 /* build-and-test-ubuntu.yml */ = {isa = PBXFileReference; fileEncoding = 4; lastKnownFileType = text.yaml; name = "build-and-test-ubuntu.yml"; path = ".github/workflows/build-and-test-ubuntu.yml"; sourceTree = "<group>"; };
/* End PBXFileReference section */

/* Begin PBXFrameworksBuildPhase section */
		071CC3C8290465B3007B4B98 /* Frameworks */ = {
			isa = PBXFrameworksBuildPhase;
			buildActionMask = 2147483647;
			files = (
			);
			runOnlyForDeploymentPostprocessing = 0;
		};
/* End PBXFrameworksBuildPhase section */

/* Begin PBXGroup section */
		071CC3C1290465B3007B4B98 = {
			isa = PBXGroup;
			children = (
				0739D9BF2BA2229100964E96 /* LICENSE */,
				0760B6F02B9CEABC0032CACD /* README.md */,
				07FDE9812CA0C72000116BA7 /* workflows */,
				075AC7742E6C763200D0EE66 /* scripts */,
				07BDBA772E741B2D002ACC96 /* geom */,
				07BDBA6B2E741B05002ACC96 /* screen */,
				07BDBA7F2E741BC1002ACC96 /* input */,
				07BDBA882E741BEF002ACC96 /* drawing */,
				07BDBA912E741C14002ACC96 /* ui */,
				07BDBA9A2E741C3B002ACC96 /* title */,
				07BDBA9E2E741C6A002ACC96 /* sys */,
				07BDBAA22E741C83002ACC96 /* str */,
				07BDBAA52E741CB6002ACC96 /* sprite */,
				07BDBAAC2E741CE6002ACC96 /* physics */,
				07D007C02CBF3A4800CCB5E7 /* Examples */,
				07FDE97C2CA0B77A00116BA7 /* Tests */,
				071CC3CB290465B3007B4B98 /* Products */,
			);
			sourceTree = "<group>";
		};
		071CC3CB290465B3007B4B98 /* Products */ = {
			isa = PBXGroup;
			children = (
				071CC3CA290465B3007B4B98 /* libTermin8or.dylib */,
			);
			name = Products;
			sourceTree = "<group>";
		};
		075AC7742E6C763200D0EE66 /* scripts */ = {
			isa = PBXGroup;
			children = (
				075AC77B2E6C767800D0EE66 /* dependencies */,
				075AC77C2E6C767800D0EE66 /* fetch-dependencies.py */,
			);
			path = scripts;
			sourceTree = "<group>";
		};
		07BDBA6B2E741B05002ACC96 /* screen */ = {
			isa = PBXGroup;
			children = (
				07BDBA632E741B05002ACC96 /* Color.h */,
				07BDBA642E741B05002ACC96 /* ScreenCommands.h */,
				07BDBA652E741B05002ACC96 /* ScreenCommandsBasic.h */,
				07BDBA662E741B05002ACC96 /* ScreenHandler.h */,
				07BDBA672E741B05002ACC96 /* ScreenScaling.h */,
				07BDBA682E741B05002ACC96 /* ScreenUtils.h */,
				07BDBA692E741B05002ACC96 /* Styles.h */,
				07BDBA6A2E741B05002ACC96 /* Text.h */,
			);
			name = screen;
			path = include/Termin8or/screen;
			sourceTree = SOURCE_ROOT;
		};
		07BDBA772E741B2D002ACC96 /* geom */ = {
			isa = PBXGroup;
			children = (
				07BDBA742E741B2D002ACC96 /* AABB.h */,
				07BDBA752E741B2D002ACC96 /* RC.h */,
				07BDBA762E741B2D002ACC96 /* Rectangle.h */,
			);
			name = geom;
			path = include/Termin8or/geom;
			sourceTree = SOURCE_ROOT;
		};
		07BDBA7F2E741BC1002ACC96 /* input */ = {
			isa = PBXGroup;
			children = (
				07BDBA7D2E741BC1002ACC96 /* Keyboard.h */,
				07BDBA7E2E741BC1002ACC96 /* KeyboardEnums.h */,
			);
			name = input;
			path = include/Termin8or/input;
			sourceTree = SOURCE_ROOT;
		};
		07BDBA882E741BEF002ACC96 /* drawing */ = {
			isa = PBXGroup;
			children = (
				07BDBA822E741BEF002ACC96 /* Animation.h */,
				07BDBA832E741BEF002ACC96 /* Drawing.h */,
				07BDBA842E741BEF002ACC96 /* Gradient.h */,
				07BDBA852E741BEF002ACC96 /* LineData.h */,
				07BDBA862E741BEF002ACC96 /* Pixel.h */,
				07BDBA872E741BEF002ACC96 /* Texture.h */,
			);
			name = drawing;
			path = include/Termin8or/drawing;
			sourceTree = SOURCE_ROOT;
		};
		07BDBA912E741C14002ACC96 /* ui */ = {
			isa = PBXGroup;
			children = (
				07BDBA8F2E741C14002ACC96 /* MessageHandler.h */,
				07BDBA902E741C14002ACC96 /* UI.h */,
			);
			name = ui;
			path = include/Termin8or/ui;
			sourceTree = SOURCE_ROOT;
		};
		07BDBA982E741C3B002ACC96 /* fonts */ = {
			isa = PBXGroup;
			children = (
				07BDBA942E741C3B002ACC96 /* font_data_avatar.txt */,
				07BDBA952E741C3B002ACC96 /* font_data_larry3d.txt */,
				07BDBA962E741C3B002ACC96 /* font_data_smslant.txt */,
				07BDBA972E741C3B002ACC96 /* LICENSE_FIGlet */,
			);
			path = fonts;
			sourceTree = "<group>";
		};
		07BDBA9A2E741C3B002ACC96 /* title */ = {
			isa = PBXGroup;
			children = (
				07BDBA982E741C3B002ACC96 /* fonts */,
				07BDBA992E741C3B002ACC96 /* ASCII_Fonts.h */,
			);
			name = title;
			path = include/Termin8or/title;
			sourceTree = SOURCE_ROOT;
		};
		07BDBA9E2E741C6A002ACC96 /* sys */ = {
			isa = PBXGroup;
			children = (
				07BDBA9C2E741C6A002ACC96 /* GameEngine.h */,
				07BDBA9D2E741C6A002ACC96 /* Logging.h */,
			);
			name = sys;
			path = include/Termin8or/sys;
			sourceTree = SOURCE_ROOT;
		};
		07BDBAA22E741C83002ACC96 /* str */ = {
			isa = PBXGroup;
			children = (
				07BDBAA12E741C83002ACC96 /* StringConversion.h */,
			);
			name = str;
			path = include/Termin8or/str;
			sourceTree = SOURCE_ROOT;
		};
		07BDBAA52E741CB6002ACC96 /* sprite */ = {
			isa = PBXGroup;
			children = (
				07BDBAA42E741CB6002ACC96 /* SpriteHandler.h */,
			);
			name = sprite;
			path = include/Termin8or/sprite;
			sourceTree = SOURCE_ROOT;
		};
		07BDBAAA2E741CE6002ACC96 /* dynamics */ = {
			isa = PBXGroup;
			children = (
				07BDBAA72E741CE6002ACC96 /* CollisionHandler.h */,
				07BDBAA82E741CE6002ACC96 /* DynamicsSystem.h */,
				07BDBAA92E741CE6002ACC96 /* RigidBody.h */,
			);
			path = dynamics;
			sourceTree = "<group>";
		};
		07BDBAAC2E741CE6002ACC96 /* physics */ = {
			isa = PBXGroup;
			children = (
				07BDBAAA2E741CE6002ACC96 /* dynamics */,
				07BDBAAB2E741CE6002ACC96 /* ParticleSystem.h */,
			);
			name = physics;
			path = include/Termin8or/physics;
			sourceTree = SOURCE_ROOT;
		};
		07D007C02CBF3A4800CCB5E7 /* Examples */ = {
			isa = PBXGroup;
			children = (
				07D007C52CC3B96600CCB5E7 /* background.tex */,
				07D007C42CC2B8A300CCB5E7 /* build_examples.bat */,
				07D007C32CBF3B4000CCB5E7 /* build_examples.sh */,
				07685DAB2CD510E200472204 /* Keyboard_examples.h */,
				07D007BF2CBF39BD00CCB5E7 /* SpriteHandler_examples.h */,
				07D007C12CBF3AD100CCB5E7 /* examples.cpp */,
			);
			path = Examples;
			sourceTree = "<group>";
		};
		07FDE97C2CA0B77A00116BA7 /* Tests */ = {
			isa = PBXGroup;
			children = (
				07FDE97F2CA0C4E100116BA7 /* build_unit_tests.sh */,
				07FDE9802CA0C4E100116BA7 /* unit_tests.cpp */,
				07FDE97E2CA0C0F700116BA7 /* Rectangle_tests.h */,
			);
			path = Tests;
			sourceTree = "<group>";
		};
		07FDE9812CA0C72000116BA7 /* workflows */ = {
			isa = PBXGroup;
			children = (
				07FDE9822CA0C75C00116BA7 /* build-and-test-ubuntu.yml */,
			);
			name = workflows;
			sourceTree = "<group>";
		};
/* End PBXGroup section */

/* Begin PBXHeadersBuildPhase section */
		071CC3C6290465B3007B4B98 /* Headers */ = {
			isa = PBXHeadersBuildPhase;
			buildActionMask = 2147483647;
			files = (
				07BDBA802E741BC1002ACC96 /* Keyboard.h in Headers */,
				07BDBA812E741BC1002ACC96 /* KeyboardEnums.h in Headers */,
				07BDBA9F2E741C6A002ACC96 /* GameEngine.h in Headers */,
				07BDBAA02E741C6A002ACC96 /* Logging.h in Headers */,
				07BDBA922E741C14002ACC96 /* MessageHandler.h in Headers */,
				07BDBA932E741C14002ACC96 /* UI.h in Headers */,
				07BDBA6C2E741B05002ACC96 /* Styles.h in Headers */,
				07BDBA6D2E741B05002ACC96 /* ScreenUtils.h in Headers */,
				07BDBA6E2E741B05002ACC96 /* ScreenCommands.h in Headers */,
				07BDBA6F2E741B05002ACC96 /* Text.h in Headers */,
				07BDBA702E741B05002ACC96 /* ScreenHandler.h in Headers */,
				07BDBAAD2E741CE6002ACC96 /* ParticleSystem.h in Headers */,
				07BDBAAE2E741CE6002ACC96 /* CollisionHandler.h in Headers */,
				07BDBAAF2E741CE6002ACC96 /* RigidBody.h in Headers */,
				07BDBAB02E741CE6002ACC96 /* DynamicsSystem.h in Headers */,
				07BDBA782E741B2D002ACC96 /* AABB.h in Headers */,
				07BDBA792E741B2D002ACC96 /* Rectangle.h in Headers */,
				07BDBA7A2E741B2D002ACC96 /* RC.h in Headers */,
				07BDBA9B2E741C3B002ACC96 /* ASCII_Fonts.h in Headers */,
				07BDBA712E741B05002ACC96 /* ScreenCommandsBasic.h in Headers */,
				07BDBA722E741B05002ACC96 /* ScreenScaling.h in Headers */,
				07BDBAA62E741CB6002ACC96 /* SpriteHandler.h in Headers */,
				07BDBA892E741BEF002ACC96 /* Gradient.h in Headers */,
				07BDBA8A2E741BEF002ACC96 /* Texture.h in Headers */,
				07BDBA8B2E741BEF002ACC96 /* Pixel.h in Headers */,
				07BDBA8C2E741BEF002ACC96 /* LineData.h in Headers */,
				07BDBA8D2E741BEF002ACC96 /* Drawing.h in Headers */,
				07BDBA8E2E741BEF002ACC96 /* Animation.h in Headers */,
				07BDBA732E741B05002ACC96 /* Color.h in Headers */,
				07BDBAA32E741C83002ACC96 /* StringConversion.h in Headers */,
			);
			runOnlyForDeploymentPostprocessing = 0;
		};
/* End PBXHeadersBuildPhase section */

/* Begin PBXNativeTarget section */
		071CC3C9290465B3007B4B98 /* Termin8or */ = {
			isa = PBXNativeTarget;
			buildConfigurationList = 071CC3CE290465B3007B4B98 /* Build configuration list for PBXNativeTarget "Termin8or" */;
			buildPhases = (
				071CC3C6290465B3007B4B98 /* Headers */,
				071CC3C7290465B3007B4B98 /* Sources */,
				071CC3C8290465B3007B4B98 /* Frameworks */,
			);
			buildRules = (
			);
			dependencies = (
			);
			name = Termin8or;
			productName = "Terminal Text Lib";
			productReference = 071CC3CA290465B3007B4B98 /* libTermin8or.dylib */;
			productType = "com.apple.product-type.library.dynamic";
		};
/* End PBXNativeTarget section */

/* Begin PBXProject section */
		071CC3C2290465B3007B4B98 /* Project object */ = {
			isa = PBXProject;
			attributes = {
				BuildIndependentTargetsInParallel = 1;
				LastUpgradeCheck = 1520;
				TargetAttributes = {
					071CC3C9290465B3007B4B98 = {
						CreatedOnToolsVersion = 13.2.1;
						LastSwiftMigration = 1640;
					};
				};
			};
			buildConfigurationList = 071CC3C5290465B3007B4B98 /* Build configuration list for PBXProject "Termin8or" */;
			compatibilityVersion = "Xcode 13.0";
			developmentRegion = en;
			hasScannedForEncodings = 0;
			knownRegions = (
				en,
				Base,
			);
			mainGroup = 071CC3C1290465B3007B4B98;
			productRefGroup = 071CC3CB290465B3007B4B98 /* Products */;
			projectDirPath = "";
			projectRoot = "";
			targets = (
				071CC3C9290465B3007B4B98 /* Termin8or */,
			);
		};
/* End PBXProject section */

/* Begin PBXSourcesBuildPhase section */
		071CC3C7290465B3007B4B98 /* Sources */ = {
			isa = PBXSourcesBuildPhase;
			buildActionMask = 2147483647;
			files = (
			);
			runOnlyForDeploymentPostprocessing = 0;
		};
/* End PBXSourcesBuildPhase section */

/* Begin XCBuildConfiguration section */
		071CC3CC290465B3007B4B98 /* Debug */ = {
			isa = XCBuildConfiguration;
			buildSettings = {
				ALWAYS_SEARCH_USER_PATHS = NO;
				CLANG_ANALYZER_NONNULL = YES;
				CLANG_ANALYZER_NUMBER_OBJECT_CONVERSION = YES_AGGRESSIVE;
				CLANG_CXX_LANGUAGE_STANDARD = "gnu++17";
				CLANG_CXX_LIBRARY = "libc++";
				CLANG_ENABLE_MODULES = YES;
				CLANG_ENABLE_OBJC_ARC = YES;
				CLANG_ENABLE_OBJC_WEAK = YES;
				CLANG_WARN_BLOCK_CAPTURE_AUTORELEASING = YES;
				CLANG_WARN_BOOL_CONVERSION = YES;
				CLANG_WARN_COMMA = YES;
				CLANG_WARN_CONSTANT_CONVERSION = YES;
				CLANG_WARN_DEPRECATED_OBJC_IMPLEMENTATIONS = YES;
				CLANG_WARN_DIRECT_OBJC_ISA_USAGE = YES_ERROR;
				CLANG_WARN_DOCUMENTATION_COMMENTS = YES;
				CLANG_WARN_EMPTY_BODY = YES;
				CLANG_WARN_ENUM_CONVERSION = YES;
				CLANG_WARN_INFINITE_RECURSION = YES;
				CLANG_WARN_INT_CONVERSION = YES;
				CLANG_WARN_NON_LITERAL_NULL_CONVERSION = YES;
				CLANG_WARN_OBJC_IMPLICIT_RETAIN_SELF = YES;
				CLANG_WARN_OBJC_LITERAL_CONVERSION = YES;
				CLANG_WARN_OBJC_ROOT_CLASS = YES_ERROR;
				CLANG_WARN_QUOTED_INCLUDE_IN_FRAMEWORK_HEADER = YES;
				CLANG_WARN_RANGE_LOOP_ANALYSIS = YES;
				CLANG_WARN_STRICT_PROTOTYPES = YES;
				CLANG_WARN_SUSPICIOUS_MOVE = YES;
				CLANG_WARN_UNGUARDED_AVAILABILITY = YES_AGGRESSIVE;
				CLANG_WARN_UNREACHABLE_CODE = YES;
				CLANG_WARN__DUPLICATE_METHOD_MATCH = YES;
				COPY_PHASE_STRIP = NO;
				DEAD_CODE_STRIPPING = YES;
				DEBUG_INFORMATION_FORMAT = dwarf;
				ENABLE_STRICT_OBJC_MSGSEND = YES;
				ENABLE_TESTABILITY = YES;
				ENABLE_USER_SCRIPT_SANDBOXING = YES;
				GCC_C_LANGUAGE_STANDARD = gnu11;
				GCC_DYNAMIC_NO_PIC = NO;
				GCC_NO_COMMON_BLOCKS = YES;
				GCC_OPTIMIZATION_LEVEL = 0;
				GCC_PREPROCESSOR_DEFINITIONS = (
					"DEBUG=1",
					"$(inherited)",
				);
				GCC_WARN_64_TO_32_BIT_CONVERSION = YES;
				GCC_WARN_ABOUT_RETURN_TYPE = YES_ERROR;
				GCC_WARN_UNDECLARED_SELECTOR = YES;
				GCC_WARN_UNINITIALIZED_AUTOS = YES_AGGRESSIVE;
				GCC_WARN_UNUSED_FUNCTION = YES;
				GCC_WARN_UNUSED_VARIABLE = YES;
				MACOSX_DEPLOYMENT_TARGET = 12.1;
				MTL_ENABLE_DEBUG_INFO = INCLUDE_SOURCE;
				MTL_FAST_MATH = YES;
				ONLY_ACTIVE_ARCH = YES;
				SDKROOT = macosx;
			};
			name = Debug;
		};
		071CC3CD290465B3007B4B98 /* Release */ = {
			isa = XCBuildConfiguration;
			buildSettings = {
				ALWAYS_SEARCH_USER_PATHS = NO;
				CLANG_ANALYZER_NONNULL = YES;
				CLANG_ANALYZER_NUMBER_OBJECT_CONVERSION = YES_AGGRESSIVE;
				CLANG_CXX_LANGUAGE_STANDARD = "gnu++17";
				CLANG_CXX_LIBRARY = "libc++";
				CLANG_ENABLE_MODULES = YES;
				CLANG_ENABLE_OBJC_ARC = YES;
				CLANG_ENABLE_OBJC_WEAK = YES;
				CLANG_WARN_BLOCK_CAPTURE_AUTORELEASING = YES;
				CLANG_WARN_BOOL_CONVERSION = YES;
				CLANG_WARN_COMMA = YES;
				CLANG_WARN_CONSTANT_CONVERSION = YES;
				CLANG_WARN_DEPRECATED_OBJC_IMPLEMENTATIONS = YES;
				CLANG_WARN_DIRECT_OBJC_ISA_USAGE = YES_ERROR;
				CLANG_WARN_DOCUMENTATION_COMMENTS = YES;
				CLANG_WARN_EMPTY_BODY = YES;
				CLANG_WARN_ENUM_CONVERSION = YES;
				CLANG_WARN_INFINITE_RECURSION = YES;
				CLANG_WARN_INT_CONVERSION = YES;
				CLANG_WARN_NON_LITERAL_NULL_CONVERSION = YES;
				CLANG_WARN_OBJC_IMPLICIT_RETAIN_SELF = YES;
				CLANG_WARN_OBJC_LITERAL_CONVERSION = YES;
				CLANG_WARN_OBJC_ROOT_CLASS = YES_ERROR;
				CLANG_WARN_QUOTED_INCLUDE_IN_FRAMEWORK_HEADER = YES;
				CLANG_WARN_RANGE_LOOP_ANALYSIS = YES;
				CLANG_WARN_STRICT_PROTOTYPES = YES;
				CLANG_WARN_SUSPICIOUS_MOVE = YES;
				CLANG_WARN_UNGUARDED_AVAILABILITY = YES_AGGRESSIVE;
				CLANG_WARN_UNREACHABLE_CODE = YES;
				CLANG_WARN__DUPLICATE_METHOD_MATCH = YES;
				COPY_PHASE_STRIP = NO;
				DEAD_CODE_STRIPPING = YES;
				DEBUG_INFORMATION_FORMAT = "dwarf-with-dsym";
				ENABLE_NS_ASSERTIONS = NO;
				ENABLE_STRICT_OBJC_MSGSEND = YES;
				ENABLE_USER_SCRIPT_SANDBOXING = YES;
				GCC_C_LANGUAGE_STANDARD = gnu11;
				GCC_NO_COMMON_BLOCKS = YES;
				GCC_WARN_64_TO_32_BIT_CONVERSION = YES;
				GCC_WARN_ABOUT_RETURN_TYPE = YES_ERROR;
				GCC_WARN_UNDECLARED_SELECTOR = YES;
				GCC_WARN_UNINITIALIZED_AUTOS = YES_AGGRESSIVE;
				GCC_WARN_UNUSED_FUNCTION = YES;
				GCC_WARN_UNUSED_VARIABLE = YES;
				MACOSX_DEPLOYMENT_TARGET = 12.1;
				MTL_ENABLE_DEBUG_INFO = NO;
				MTL_FAST_MATH = YES;
				SDKROOT = macosx;
			};
			name = Release;
		};
		071CC3CF290465B3007B4B98 /* Debug */ = {
			isa = XCBuildConfiguration;
			buildSettings = {
				CLANG_ENABLE_MODULES = YES;
				CODE_SIGN_STYLE = Automatic;
				DEAD_CODE_STRIPPING = YES;
				DEVELOPMENT_ASSET_PATHS = "";
				DEVELOPMENT_TEAM = HFL2Q84SZB;
				DYLIB_COMPATIBILITY_VERSION = 1;
				DYLIB_CURRENT_VERSION = 1;
				EXECUTABLE_PREFIX = lib;
				HEADER_SEARCH_PATHS = (
					"$(SRCROOT)/include/Termin8or",
					"$(SRCROOT)/../Core/include",
				);
				PRODUCT_NAME = "$(TARGET_NAME)";
				SKIP_INSTALL = YES;
				SWIFT_OPTIMIZATION_LEVEL = "-Onone";
				SWIFT_VERSION = 6.0;
			};
			name = Debug;
		};
		071CC3D0290465B3007B4B98 /* Release */ = {
			isa = XCBuildConfiguration;
			buildSettings = {
				CLANG_ENABLE_MODULES = YES;
				CODE_SIGN_STYLE = Automatic;
				DEAD_CODE_STRIPPING = YES;
				DEVELOPMENT_ASSET_PATHS = "";
				DEVELOPMENT_TEAM = HFL2Q84SZB;
				DYLIB_COMPATIBILITY_VERSION = 1;
				DYLIB_CURRENT_VERSION = 1;
				EXECUTABLE_PREFIX = lib;
				HEADER_SEARCH_PATHS = (
					"$(SRCROOT)/include/Termin8or",
					"$(SRCROOT)/../Core/include",
				);
				PRODUCT_NAME = "$(TARGET_NAME)";
				SKIP_INSTALL = YES;
				SWIFT_VERSION = 6.0;
			};
			name = Release;
		};
/* End XCBuildConfiguration section */

/* Begin XCConfigurationList section */
		071CC3C5290465B3007B4B98 /* Build configuration list for PBXProject "Termin8or" */ = {
			isa = XCConfigurationList;
			buildConfigurations = (
				071CC3CC290465B3007B4B98 /* Debug */,
				071CC3CD290465B3007B4B98 /* Release */,
			);
			defaultConfigurationIsVisible = 0;
			defaultConfigurationName = Release;
		};
		071CC3CE290465B3007B4B98 /* Build configuration list for PBXNativeTarget "Termin8or" */ = {
			isa = XCConfigurationList;
			buildConfigurations = (
				071CC3CF290465B3007B4B98 /* Debug */,
				071CC3D0290465B3007B4B98 /* Release */,
			);
			defaultConfigurationIsVisible = 0;
			defaultConfigurationName = Release;
		};
/* End XCConfigurationList section */
	};
	rootObject = 071CC3C2290465B3007B4B98 /* Project object */;
}
